// !$*UTF8*$!
{
	archiveVersion = 1;
	classes = {
	};
	objectVersion = 48;
	objects = {

/* Begin PBXBuildFile section */
		8C47261F1F30D55200682D12 /* WeChatStepHook.m in Sources */ = {isa = PBXBuildFile; fileRef = 8C47261E1F30D55200682D12 /* WeChatStepHook.m */; };
		8C4726A91F31FFEC00682D12 /* WeChatLocationHook.m in Sources */ = {isa = PBXBuildFile; fileRef = 8C4726A81F31FFEC00682D12 /* WeChatLocationHook.m */; };
		8C4726AB1F32070100682D12 /* WeChatMessageHook.m in Sources */ = {isa = PBXBuildFile; fileRef = 8C4726AA1F32070100682D12 /* WeChatMessageHook.m */; };
		8C4726AE1F3207A800682D12 /* WeChatHeader.h in Headers */ = {isa = PBXBuildFile; fileRef = 8C4726AD1F3207A800682D12 /* WeChatHeader.h */; };
		8C4726B21F32093200682D12 /* WeChatServiceManager.h in Headers */ = {isa = PBXBuildFile; fileRef = 8C4726B01F32093200682D12 /* WeChatServiceManager.h */; };
		8C4726B31F32093200682D12 /* WeChatServiceManager.m in Sources */ = {isa = PBXBuildFile; fileRef = 8C4726B11F32093200682D12 /* WeChatServiceManager.m */; };
		8C59083D1F35F4E800FDB363 /* WeChatRequestHook.m in Sources */ = {isa = PBXBuildFile; fileRef = 8C59083C1F35F4E800FDB363 /* WeChatRequestHook.m */; };
		8CA699931FAECA5F0035A8B3 /* WechatPodForm.h in Headers */ = {isa = PBXBuildFile; fileRef = 8CA699911FAECA5F0035A8B3 /* WechatPodForm.h */; };
		8CA699941FAECA5F0035A8B3 /* WechatPodForm.m in Sources */ = {isa = PBXBuildFile; fileRef = 8CA699921FAECA5F0035A8B3 /* WechatPodForm.m */; };
		8CA6999D1FAEFD8A0035A8B3 /* WechatMapViewController.m in Sources */ = {isa = PBXBuildFile; fileRef = 8CA6999C1FAEFC980035A8B3 /* WechatMapViewController.m */; };
		8CD09A431FA23B1600751286 /* MDSettingCenter.framework in Frameworks */ = {isa = PBXBuildFile; fileRef = 8CD09A441FA23B1600751286 /* MDSettingCenter.framework */; };
/* End PBXBuildFile section */

/* Begin PBXFileReference section */
		1CFD6A41B377DE656EA15394 /* Pods-WechatPod.release.xcconfig */ = {isa = PBXFileReference; includeInIndex = 1; lastKnownFileType = text.xcconfig; name = "Pods-WechatPod.release.xcconfig"; path = "Pods/Target Support Files/Pods-WechatPod/Pods-WechatPod.release.xcconfig"; sourceTree = "<group>"; };
		8C47258C1F30CB2C00682D12 /* WechatPod.framework */ = {isa = PBXFileReference; explicitFileType = wrapper.framework; includeInIndex = 0; path = WechatPod.framework; sourceTree = BUILT_PRODUCTS_DIR; };
		8C4725971F30CB2C00682D12 /* Info.plist */ = {isa = PBXFileReference; lastKnownFileType = text.plist.xml; path = Info.plist; sourceTree = "<group>"; };
		8C47261E1F30D55200682D12 /* WeChatStepHook.m */ = {isa = PBXFileReference; lastKnownFileType = sourcecode.c.objc; path = WeChatStepHook.m; sourceTree = "<group>"; };
		8C4726A81F31FFEC00682D12 /* WeChatLocationHook.m */ = {isa = PBXFileReference; lastKnownFileType = sourcecode.c.objc; path = WeChatLocationHook.m; sourceTree = "<group>"; };
		8C4726AA1F32070100682D12 /* WeChatMessageHook.m */ = {isa = PBXFileReference; lastKnownFileType = sourcecode.c.objc; path = WeChatMessageHook.m; sourceTree = "<group>"; };
		8C4726AD1F3207A800682D12 /* WeChatHeader.h */ = {isa = PBXFileReference; lastKnownFileType = sourcecode.c.h; path = WeChatHeader.h; sourceTree = "<group>"; };
		8C4726B01F32093200682D12 /* WeChatServiceManager.h */ = {isa = PBXFileReference; lastKnownFileType = sourcecode.c.h; path = WeChatServiceManager.h; sourceTree = "<group>"; };
		8C4726B11F32093200682D12 /* WeChatServiceManager.m */ = {isa = PBXFileReference; lastKnownFileType = sourcecode.c.objc; path = WeChatServiceManager.m; sourceTree = "<group>"; };
		8C59083C1F35F4E800FDB363 /* WeChatRequestHook.m */ = {isa = PBXFileReference; lastKnownFileType = sourcecode.c.objc; path = WeChatRequestHook.m; sourceTree = "<group>"; };
		8CA699911FAECA5F0035A8B3 /* WechatPodForm.h */ = {isa = PBXFileReference; lastKnownFileType = sourcecode.c.h; path = WechatPodForm.h; sourceTree = "<group>"; };
		8CA699921FAECA5F0035A8B3 /* WechatPodForm.m */ = {isa = PBXFileReference; lastKnownFileType = sourcecode.c.objc; path = WechatPodForm.m; sourceTree = "<group>"; };
		8CA6999B1FAEFC980035A8B3 /* WechatMapViewController.h */ = {isa = PBXFileReference; lastKnownFileType = sourcecode.c.h; path = WechatMapViewController.h; sourceTree = "<group>"; };
		8CA6999C1FAEFC980035A8B3 /* WechatMapViewController.m */ = {isa = PBXFileReference; lastKnownFileType = sourcecode.c.objc; path = WechatMapViewController.m; sourceTree = "<group>"; };
		8CD09A441FA23B1600751286 /* MDSettingCenter.framework */ = {isa = PBXFileReference; explicitFileType = wrapper.framework; path = MDSettingCenter.framework; sourceTree = BUILT_PRODUCTS_DIR; };
		8FCBD82C0E04F26492A502C8 /* Pods-WechatPod.debug.xcconfig */ = {isa = PBXFileReference; includeInIndex = 1; lastKnownFileType = text.xcconfig; name = "Pods-WechatPod.debug.xcconfig"; path = "Pods/Target Support Files/Pods-WechatPod/Pods-WechatPod.debug.xcconfig"; sourceTree = "<group>"; };
		EEB114717956654BC6BB6BF9 /* Pods_WechatPod.framework */ = {isa = PBXFileReference; explicitFileType = wrapper.framework; includeInIndex = 0; path = Pods_WechatPod.framework; sourceTree = BUILT_PRODUCTS_DIR; };
/* End PBXFileReference section */

/* Begin PBXFrameworksBuildPhase section */
		8C4725881F30CB2C00682D12 /* Frameworks */ = {
			isa = PBXFrameworksBuildPhase;
			buildActionMask = 2147483647;
			files = (
				8CD09A431FA23B1600751286 /* MDSettingCenter.framework in Frameworks */,
			);
			runOnlyForDeploymentPostprocessing = 0;
		};
/* End PBXFrameworksBuildPhase section */

/* Begin PBXGroup section */
		1874BFEB24B256A9792745E3 /* Frameworks */ = {
			isa = PBXGroup;
			children = (
				8CD09A441FA23B1600751286 /* MDSettingCenter.framework */,
				EEB114717956654BC6BB6BF9 /* Pods_WechatPod.framework */,
			);
			name = Frameworks;
			sourceTree = "<group>";
		};
		8C4725821F30CB2C00682D12 = {
			isa = PBXGroup;
			children = (
				8C47258E1F30CB2C00682D12 /* WechatPod */,
				8C47258D1F30CB2C00682D12 /* Products */,
				8F2D94B2474EB77790289009 /* Pods */,
				1874BFEB24B256A9792745E3 /* Frameworks */,
			);
			sourceTree = "<group>";
		};
		8C47258D1F30CB2C00682D12 /* Products */ = {
			isa = PBXGroup;
			children = (
				8C47258C1F30CB2C00682D12 /* WechatPod.framework */,
			);
			name = Products;
			sourceTree = "<group>";
		};
		8C47258E1F30CB2C00682D12 /* WechatPod */ = {
			isa = PBXGroup;
			children = (
				8CA6999A1FAEFBFF0035A8B3 /* ViewController */,
				8CA699901FAECA1F0035A8B3 /* Models */,
				8C4726AF1F32090D00682D12 /* Manager */,
				8C4726AC1F32078F00682D12 /* Header */,
				8C47261D1F30D52F00682D12 /* Hook */,
				8C4725971F30CB2C00682D12 /* Info.plist */,
			);
			path = WechatPod;
			sourceTree = "<group>";
		};
		8C47261D1F30D52F00682D12 /* Hook */ = {
			isa = PBXGroup;
			children = (
				8C47261E1F30D55200682D12 /* WeChatStepHook.m */,
				8C4726A81F31FFEC00682D12 /* WeChatLocationHook.m */,
				8C4726AA1F32070100682D12 /* WeChatMessageHook.m */,
				8C59083C1F35F4E800FDB363 /* WeChatRequestHook.m */,
			);
			path = Hook;
			sourceTree = "<group>";
		};
		8C4726AC1F32078F00682D12 /* Header */ = {
			isa = PBXGroup;
			children = (
				8C4726AD1F3207A800682D12 /* WeChatHeader.h */,
			);
			path = Header;
			sourceTree = "<group>";
		};
		8C4726AF1F32090D00682D12 /* Manager */ = {
			isa = PBXGroup;
			children = (
				8C4726B01F32093200682D12 /* WeChatServiceManager.h */,
				8C4726B11F32093200682D12 /* WeChatServiceManager.m */,
			);
			path = Manager;
			sourceTree = "<group>";
		};
		8CA699901FAECA1F0035A8B3 /* Models */ = {
			isa = PBXGroup;
			children = (
				8CA699911FAECA5F0035A8B3 /* WechatPodForm.h */,
				8CA699921FAECA5F0035A8B3 /* WechatPodForm.m */,
			);
			path = Models;
			sourceTree = "<group>";
		};
		8CA6999A1FAEFBFF0035A8B3 /* ViewController */ = {
			isa = PBXGroup;
			children = (
				8CA6999B1FAEFC980035A8B3 /* WechatMapViewController.h */,
				8CA6999C1FAEFC980035A8B3 /* WechatMapViewController.m */,
			);
			path = ViewController;
			sourceTree = "<group>";
		};
		8F2D94B2474EB77790289009 /* Pods */ = {
			isa = PBXGroup;
			children = (
				8FCBD82C0E04F26492A502C8 /* Pods-WechatPod.debug.xcconfig */,
				1CFD6A41B377DE656EA15394 /* Pods-WechatPod.release.xcconfig */,
			);
			name = Pods;
			sourceTree = "<group>";
		};
/* End PBXGroup section */

/* Begin PBXHeadersBuildPhase section */
		8C4725891F30CB2C00682D12 /* Headers */ = {
			isa = PBXHeadersBuildPhase;
			buildActionMask = 2147483647;
			files = (
				8CA699931FAECA5F0035A8B3 /* WechatPodForm.h in Headers */,
				8C4726AE1F3207A800682D12 /* WeChatHeader.h in Headers */,
				8C4726B21F32093200682D12 /* WeChatServiceManager.h in Headers */,
			);
			runOnlyForDeploymentPostprocessing = 0;
		};
/* End PBXHeadersBuildPhase section */

/* Begin PBXNativeTarget section */
		8C47258B1F30CB2C00682D12 /* WechatPod */ = {
			isa = PBXNativeTarget;
			buildConfigurationList = 8C47259B1F30CB2C00682D12 /* Build configuration list for PBXNativeTarget "WechatPod" */;
			buildPhases = (
				8C4725871F30CB2C00682D12 /* Sources */,
				8C4725881F30CB2C00682D12 /* Frameworks */,
				8C4725891F30CB2C00682D12 /* Headers */,
				8C47258A1F30CB2C00682D12 /* Resources */,
			);
			buildRules = (
			);
			dependencies = (
			);
			name = WechatPod;
			productName = WechatPod;
			productReference = 8C47258C1F30CB2C00682D12 /* WechatPod.framework */;
			productType = "com.apple.product-type.framework";
		};
/* End PBXNativeTarget section */

/* Begin PBXProject section */
		8C4725831F30CB2C00682D12 /* Project object */ = {
			isa = PBXProject;
			attributes = {
				LastUpgradeCheck = 0900;
				ORGANIZATIONNAME = Coder;
				TargetAttributes = {
					8C47258B1F30CB2C00682D12 = {
						CreatedOnToolsVersion = 9.0;
					};
				};
			};
			buildConfigurationList = 8C4725861F30CB2C00682D12 /* Build configuration list for PBXProject "WechatPod" */;
			compatibilityVersion = "Xcode 8.0";
			developmentRegion = en;
			hasScannedForEncodings = 0;
			knownRegions = (
				en,
			);
			mainGroup = 8C4725821F30CB2C00682D12;
			productRefGroup = 8C47258D1F30CB2C00682D12 /* Products */;
			projectDirPath = "";
			projectRoot = "";
			targets = (
				8C47258B1F30CB2C00682D12 /* WechatPod */,
			);
		};
/* End PBXProject section */

/* Begin PBXResourcesBuildPhase section */
		8C47258A1F30CB2C00682D12 /* Resources */ = {
			isa = PBXResourcesBuildPhase;
			buildActionMask = 2147483647;
			files = (
			);
			runOnlyForDeploymentPostprocessing = 0;
		};
/* End PBXResourcesBuildPhase section */

/* Begin PBXSourcesBuildPhase section */
		8C4725871F30CB2C00682D12 /* Sources */ = {
			isa = PBXSourcesBuildPhase;
			buildActionMask = 2147483647;
			files = (
				8CA6999D1FAEFD8A0035A8B3 /* WechatMapViewController.m in Sources */,
				8CA699941FAECA5F0035A8B3 /* WechatPodForm.m in Sources */,
				8C4726AB1F32070100682D12 /* WeChatMessageHook.m in Sources */,
				8C47261F1F30D55200682D12 /* WeChatStepHook.m in Sources */,
				8C4726A91F31FFEC00682D12 /* WeChatLocationHook.m in Sources */,
				8C59083D1F35F4E800FDB363 /* WeChatRequestHook.m in Sources */,
				8C4726B31F32093200682D12 /* WeChatServiceManager.m in Sources */,
			);
			runOnlyForDeploymentPostprocessing = 0;
		};
/* End PBXSourcesBuildPhase section */

/* Begin XCBuildConfiguration section */
		8C4725991F30CB2C00682D12 /* Debug */ = {
			isa = XCBuildConfiguration;
			buildSettings = {
				ALWAYS_SEARCH_USER_PATHS = NO;
				CLANG_ANALYZER_NONNULL = YES;
				CLANG_ANALYZER_NUMBER_OBJECT_CONVERSION = YES_AGGRESSIVE;
				CLANG_CXX_LANGUAGE_STANDARD = "gnu++14";
				CLANG_CXX_LIBRARY = "libc++";
				CLANG_ENABLE_MODULES = YES;
				CLANG_ENABLE_OBJC_ARC = YES;
				CLANG_WARN_BLOCK_CAPTURE_AUTORELEASING = YES;
				CLANG_WARN_BOOL_CONVERSION = YES;
				CLANG_WARN_COMMA = YES;
				CLANG_WARN_CONSTANT_CONVERSION = YES;
				CLANG_WARN_DIRECT_OBJC_ISA_USAGE = YES_ERROR;
				CLANG_WARN_DOCUMENTATION_COMMENTS = YES;
				CLANG_WARN_EMPTY_BODY = YES;
				CLANG_WARN_ENUM_CONVERSION = YES;
				CLANG_WARN_INFINITE_RECURSION = YES;
				CLANG_WARN_INT_CONVERSION = YES;
				CLANG_WARN_OBJC_ROOT_CLASS = YES_ERROR;
				CLANG_WARN_RANGE_LOOP_ANALYSIS = YES;
				CLANG_WARN_STRICT_PROTOTYPES = YES;
				CLANG_WARN_SUSPICIOUS_MOVE = YES;
				CLANG_WARN_UNGUARDED_AVAILABILITY = YES_AGGRESSIVE;
				CLANG_WARN_UNREACHABLE_CODE = YES;
				CLANG_WARN__DUPLICATE_METHOD_MATCH = YES;
				CODE_SIGN_IDENTITY = "iPhone Developer";
				COPY_PHASE_STRIP = NO;
				CURRENT_PROJECT_VERSION = 1;
				DEBUG_INFORMATION_FORMAT = dwarf;
				ENABLE_STRICT_OBJC_MSGSEND = YES;
				ENABLE_TESTABILITY = YES;
				GCC_C_LANGUAGE_STANDARD = gnu11;
				GCC_DYNAMIC_NO_PIC = NO;
				GCC_NO_COMMON_BLOCKS = YES;
				GCC_OPTIMIZATION_LEVEL = 0;
				GCC_PREPROCESSOR_DEFINITIONS = (
					"DEBUG=1",
					"$(inherited)",
				);
				GCC_WARN_64_TO_32_BIT_CONVERSION = YES;
				GCC_WARN_ABOUT_RETURN_TYPE = YES_ERROR;
				GCC_WARN_UNDECLARED_SELECTOR = YES;
				GCC_WARN_UNINITIALIZED_AUTOS = YES_AGGRESSIVE;
				GCC_WARN_UNUSED_FUNCTION = YES;
				GCC_WARN_UNUSED_VARIABLE = YES;
				IPHONEOS_DEPLOYMENT_TARGET = 8.0;
				MTL_ENABLE_DEBUG_INFO = YES;
				ONLY_ACTIVE_ARCH = YES;
				SDKROOT = iphoneos;
				VERSIONING_SYSTEM = "apple-generic";
				VERSION_INFO_PREFIX = "";
			};
			name = Debug;
		};
		8C47259A1F30CB2C00682D12 /* Release */ = {
			isa = XCBuildConfiguration;
			buildSettings = {
				ALWAYS_SEARCH_USER_PATHS = NO;
				CLANG_ANALYZER_NONNULL = YES;
				CLANG_ANALYZER_NUMBER_OBJECT_CONVERSION = YES_AGGRESSIVE;
				CLANG_CXX_LANGUAGE_STANDARD = "gnu++14";
				CLANG_CXX_LIBRARY = "libc++";
				CLANG_ENABLE_MODULES = YES;
				CLANG_ENABLE_OBJC_ARC = YES;
				CLANG_WARN_BLOCK_CAPTURE_AUTORELEASING = YES;
				CLANG_WARN_BOOL_CONVERSION = YES;
				CLANG_WARN_COMMA = YES;
				CLANG_WARN_CONSTANT_CONVERSION = YES;
				CLANG_WARN_DIRECT_OBJC_ISA_USAGE = YES_ERROR;
				CLANG_WARN_DOCUMENTATION_COMMENTS = YES;
				CLANG_WARN_EMPTY_BODY = YES;
				CLANG_WARN_ENUM_CONVERSION = YES;
				CLANG_WARN_INFINITE_RECURSION = YES;
				CLANG_WARN_INT_CONVERSION = YES;
				CLANG_WARN_OBJC_ROOT_CLASS = YES_ERROR;
				CLANG_WARN_RANGE_LOOP_ANALYSIS = YES;
				CLANG_WARN_STRICT_PROTOTYPES = YES;
				CLANG_WARN_SUSPICIOUS_MOVE = YES;
				CLANG_WARN_UNGUARDED_AVAILABILITY = YES_AGGRESSIVE;
				CLANG_WARN_UNREACHABLE_CODE = YES;
				CLANG_WARN__DUPLICATE_METHOD_MATCH = YES;
				CODE_SIGN_IDENTITY = "iPhone Developer";
				COPY_PHASE_STRIP = NO;
				CURRENT_PROJECT_VERSION = 1;
				DEBUG_INFORMATION_FORMAT = "dwarf-with-dsym";
				ENABLE_NS_ASSERTIONS = NO;
				ENABLE_STRICT_OBJC_MSGSEND = YES;
				GCC_C_LANGUAGE_STANDARD = gnu11;
				GCC_NO_COMMON_BLOCKS = YES;
				GCC_WARN_64_TO_32_BIT_CONVERSION = YES;
				GCC_WARN_ABOUT_RETURN_TYPE = YES_ERROR;
				GCC_WARN_UNDECLARED_SELECTOR = YES;
				GCC_WARN_UNINITIALIZED_AUTOS = YES_AGGRESSIVE;
				GCC_WARN_UNUSED_FUNCTION = YES;
				GCC_WARN_UNUSED_VARIABLE = YES;
				IPHONEOS_DEPLOYMENT_TARGET = 8.0;
				MTL_ENABLE_DEBUG_INFO = NO;
				SDKROOT = iphoneos;
				VALIDATE_PRODUCT = YES;
				VERSIONING_SYSTEM = "apple-generic";
				VERSION_INFO_PREFIX = "";
			};
			name = Release;
		};
		8C47259C1F30CB2C00682D12 /* Debug */ = {
			isa = XCBuildConfiguration;
			baseConfigurationReference = 8FCBD82C0E04F26492A502C8 /* Pods-WechatPod.debug.xcconfig */;
			buildSettings = {
				CODE_SIGN_IDENTITY = "";
				DEFINES_MODULE = YES;
				DEVELOPMENT_TEAM = 9XQEPG2J2J;
				DYLIB_COMPATIBILITY_VERSION = 1;
				DYLIB_CURRENT_VERSION = 1;
				DYLIB_INSTALL_NAME_BASE = "@rpath";
				FRAMEWORK_SEARCH_PATHS = (
					"\"$(SRCROOT)/../WechatApp/Build/Products/Debug-iphoneos\"",
					"\"$(SRCROOT)/../WechatApp/Build/Products/Debug-iphoneos/Masonry\"",
				);
				HEADER_SEARCH_PATHS = /opt/MonkeyDev/include;
				INFOPLIST_FILE = WechatPod/Info.plist;
				INSTALL_PATH = "$(LOCAL_LIBRARY_DIR)/Frameworks";
				LD_RUNPATH_SEARCH_PATHS = "$(inherited) @executable_path/Frameworks @loader_path/Frameworks";
				OTHER_CFLAGS = "";
				OTHER_LDFLAGS = "";
				PRODUCT_BUNDLE_IDENTIFIER = com.alonemonkey.WechatPod;
				PRODUCT_NAME = "$(TARGET_NAME:c99extidentifier)";
				SKIP_INSTALL = YES;
				TARGETED_DEVICE_FAMILY = "1,2";
				WARNING_CFLAGS = "";
			};
			name = Debug;
		};
		8C47259D1F30CB2C00682D12 /* Release */ = {
			isa = XCBuildConfiguration;
			baseConfigurationReference = 1CFD6A41B377DE656EA15394 /* Pods-WechatPod.release.xcconfig */;
			buildSettings = {
				CODE_SIGN_IDENTITY = "";
				DEFINES_MODULE = YES;
				DEVELOPMENT_TEAM = 9XQEPG2J2J;
				DYLIB_COMPATIBILITY_VERSION = 1;
				DYLIB_CURRENT_VERSION = 1;
				DYLIB_INSTALL_NAME_BASE = "@rpath";
				FRAMEWORK_SEARCH_PATHS = (
					"\"$(SRCROOT)/../WechatApp/Build/Products/Debug-iphoneos\"",
					"\"$(SRCROOT)/../WechatApp/Build/Products/Debug-iphoneos/Masonry\"",
				);
				HEADER_SEARCH_PATHS = /opt/MonkeyDev/include;
				INFOPLIST_FILE = WechatPod/Info.plist;
				INSTALL_PATH = "$(LOCAL_LIBRARY_DIR)/Frameworks";
				LD_RUNPATH_SEARCH_PATHS = "$(inherited) @executable_path/Frameworks @loader_path/Frameworks";
				OTHER_CFLAGS = "";
				OTHER_LDFLAGS = "";
				PRODUCT_BUNDLE_IDENTIFIER = com.alonemonkey.WechatPod;
				PRODUCT_NAME = "$(TARGET_NAME:c99extidentifier)";
				SKIP_INSTALL = YES;
				TARGETED_DEVICE_FAMILY = "1,2";
				WARNING_CFLAGS = "";
			};
			name = Release;
		};
/* End XCBuildConfiguration section */

/* Begin XCConfigurationList section */
		8C4725861F30CB2C00682D12 /* Build configuration list for PBXProject "WechatPod" */ = {
			isa = XCConfigurationList;
			buildConfigurations = (
				8C4725991F30CB2C00682D12 /* Debug */,
				8C47259A1F30CB2C00682D12 /* Release */,
			);
			defaultConfigurationIsVisible = 0;
			defaultConfigurationName = Release;
		};
		8C47259B1F30CB2C00682D12 /* Build configuration list for PBXNativeTarget "WechatPod" */ = {
			isa = XCConfigurationList;
			buildConfigurations = (
				8C47259C1F30CB2C00682D12 /* Debug */,
				8C47259D1F30CB2C00682D12 /* Release */,
			);
			defaultConfigurationIsVisible = 0;
			defaultConfigurationName = Release;
		};
/* End XCConfigurationList section */
	};
	rootObject = 8C4725831F30CB2C00682D12 /* Project object */;
}
